
Microsoft Visual Studio Solution File, Format Version 12.00
# Visual Studio Version 17
VisualStudioVersion = 17.14.36705.20
MinimumVisualStudioVersion = 10.0.40219.1
Project("{2150E333-8FDC-42A3-9474-1A3956D46DE8}") = "Элементы решения", "Элементы решения", "{754FC069-D67B-A9D7-50A1-8D1CA196D8F1}"
	ProjectSection(SolutionItems) = preProject
		explore.html = explore.html
		extra.html = extra.html
		index.html = index.html
	EndProjectSection
EndProject
Project("{2150E333-8FDC-42A3-9474-1A3956D46DE8}") = "styles", "styles", "{36D591C7-65C7-A0D1-1CBC-10CDE441BDC8}"
	ProjectSection(SolutionItems) = preProject
		styles\anim.css = styles\anim.css
		styles\buttons.css = styles\buttons.css
		styles\content.css = styles\content.css
		styles\style_footer.css = styles\style_footer.css
	EndProjectSection
EndProject
Project("{2150E333-8FDC-42A3-9474-1A3956D46DE8}") = "images", "images", "{BBF626F6-E7A4-45DB-AC62-0CFF6D43440E}"
	ProjectSection(SolutionItems) = preProject
		images\1.jpg = images\1.jpg
		images\1.mp4 = images\1.mp4
		images\bday.jpg = images\bday.jpg
		images\bday_old.jpg = images\bday_old.jpg
		images\cyberpunk1.jpg = images\cyberpunk1.jpg
		images\port2025.jpg = images\port2025.jpg
		images\port2025_1.jpg = images\port2025_1.jpg
		images\setup.jpg = images\setup.jpg
		images\trip_night.jpg = images\trip_night.jpg
		images\vertigo_k.jpg = images\vertigo_k.jpg
	EndProjectSection
EndProject
Project("{2150E333-8FDC-42A3-9474-1A3956D46DE8}") = "avatars", "avatars", "{844D1287-83C1-4AFE-8CCE-776803A6B575}"
	ProjectSection(SolutionItems) = preProject
		images\avatars\avatar1.gif = images\avatars\avatar1.gif
		images\avatars\avatar2.jpg = images\avatars\avatar2.jpg
	EndProjectSection
EndProject
Project("{2150E333-8FDC-42A3-9474-1A3956D46DE8}") = "icons", "icons", "{B1EE0D69-697F-45F7-B823-DC051607C3B8}"
	ProjectSection(SolutionItems) = preProject
		images\icons\book.svg = images\icons\book.svg
		images\icons\brush.svg = images\icons\brush.svg
		images\icons\building-castle.svg = images\icons\building-castle.svg
		images\icons\bulb.svg = images\icons\bulb.svg
		images\icons\camera.svg = images\icons\camera.svg
		images\icons\flask.svg = images\icons\flask.svg
		images\icons\heart2_1.png = images\icons\heart2_1.png
		images\icons\mountain.svg = images\icons\mountain.svg
	EndProjectSection
EndProject
Project("{2150E333-8FDC-42A3-9474-1A3956D46DE8}") = "albums", "albums", "{9289F2E7-0DD4-46E0-893C-9328A434B9F8}"
	ProjectSection(SolutionItems) = preProject
		album-1.html = album-1.html
		album-2.html = album-2.html
		album-3.html = album-3.html
		album-4.html = album-4.html
		album-5.html = album-5.html
	EndProjectSection
EndProject
Global
	GlobalSection(SolutionProperties) = preSolution
		HideSolutionNode = FALSE
	EndGlobalSection
	GlobalSection(NestedProjects) = preSolution
		{36D591C7-65C7-A0D1-1CBC-10CDE441BDC8} = {754FC069-D67B-A9D7-50A1-8D1CA196D8F1}
		{BBF626F6-E7A4-45DB-AC62-0CFF6D43440E} = {754FC069-D67B-A9D7-50A1-8D1CA196D8F1}
		{844D1287-83C1-4AFE-8CCE-776803A6B575} = {BBF626F6-E7A4-45DB-AC62-0CFF6D43440E}
		{B1EE0D69-697F-45F7-B823-DC051607C3B8} = {BBF626F6-E7A4-45DB-AC62-0CFF6D43440E}
		{9289F2E7-0DD4-46E0-893C-9328A434B9F8} = {754FC069-D67B-A9D7-50A1-8D1CA196D8F1}
	EndGlobalSection
	GlobalSection(ExtensibilityGlobals) = postSolution
		SolutionGuid = {AF2D1EC0-D449-409F-94A8-BC9AC96B2202}
	EndGlobalSection
EndGlobal
